
Microsoft Visual Studio Solution File, Format Version 12.00
# Visual Studio Version 17
VisualStudioVersion = 17.8.34316.72
MinimumVisualStudioVersion = 10.0.40219.1
Project("{FAE04EC0-301F-11D3-BF4B-00C04F79EFBC}") = "Classes", "Classes.csproj", "{DAB1292E-F0EB-4FD6-8587-8E6456D8B33F}"
EndProject
Global
	GlobalSection(SolutionConfigurationPlatforms) = preSolution
		Debug|Any CPU = Debug|Any CPU
		Release|Any CPU = Release|Any CPU
	EndGlobalSection
	GlobalSection(ProjectConfigurationPlatforms) = postSolution
		{DAB1292E-F0EB-4FD6-8587-8E6456D8B33F}.Debug|Any CPU.ActiveCfg = Debug|Any CPU
		{DAB1292E-F0EB-4FD6-8587-8E6456D8B33F}.Debug|Any CPU.Build.0 = Debug|Any CPU
		{DAB1292E-F0EB-4FD6-8587-8E6456D8B33F}.Release|Any CPU.ActiveCfg = Release|Any CPU
		{DAB1292E-F0EB-4FD6-8587-8E6456D8B33F}.Release|Any CPU.Build.0 = Release|Any CPU
	EndGlobalSection
	GlobalSection(SolutionProperties) = preSolution
		HideSolutionNode = FALSE
	EndGlobalSection
	GlobalSection(ExtensibilityGlobals) = postSolution
		SolutionGuid = {24159600-A17C-43D9-B7E1-D0FE49992068}
	EndGlobalSection
EndGlobal
